
Microsoft Visual Studio Solution File, Format Version 12.00
# Visual Studio 2013
VisualStudioVersion = 12.0.40629.0
MinimumVisualStudioVersion = 10.0.40219.1
Project("{FAE04EC0-301F-11D3-BF4B-00C04F79EFBC}") = "Achine.Core", "Achine.Core\Achine.Core.csproj", "{9A9077AE-186C-4F2E-9D57-C357EC069849}"
EndProject
Project("{FAE04EC0-301F-11D3-BF4B-00C04F79EFBC}") = "Achine.Engine", "Achine.Engine\Achine.Engine.csproj", "{BBD041D8-C09E-4D84-B230-90A6F6AD2CA2}"
EndProject
Project("{FAE04EC0-301F-11D3-BF4B-00C04F79EFBC}") = "Achine.Common", "Achine.Common\Achine.Common.csproj", "{F1E2DCCD-AE39-4308-8CEA-279F11505DFE}"
EndProject
Project("{FAE04EC0-301F-11D3-BF4B-00C04F79EFBC}") = "Achine.Repository", "Achine.Repository\Achine.Repository.csproj", "{1146F867-A9A1-4FF1-8BEE-75FD751AC2D7}"
EndProject
Project("{FAE04EC0-301F-11D3-BF4B-00C04F79EFBC}") = "Achine.Service", "Achine.Service\Achine.Service.csproj", "{D7098F63-A9AD-486D-8EE8-04D69BE315B3}"
EndProject
Project("{FAE04EC0-301F-11D3-BF4B-00C04F79EFBC}") = "TheControlPanelTester", "TheControlPanelTester\TheControlPanelTester.csproj", "{1EBDB94B-E308-49C4-B418-66597536B64A}"
EndProject
Project("{2150E333-8FDC-42A3-9474-1A3956D46DE8}") = "Application", "Application", "{54441E7B-395D-46F5-A440-8609A62B456B}"
EndProject
Project("{2150E333-8FDC-42A3-9474-1A3956D46DE8}") = "Service", "Service", "{FF7735F0-B057-46A1-B00C-EA4224E3C0FE}"
EndProject
Project("{2150E333-8FDC-42A3-9474-1A3956D46DE8}") = "Labrary", "Labrary", "{882937D9-9910-4037-8124-30F93789A4C4}"
EndProject
Project("{2150E333-8FDC-42A3-9474-1A3956D46DE8}") = "Model", "Model", "{84CCCEC4-8A36-4D6F-8771-FD8510EA79DD}"
EndProject
Project("{FAE04EC0-301F-11D3-BF4B-00C04F79EFBC}") = "Achine.Model", "Achine.Model\Achine.Model.csproj", "{F55D5CA0-ED72-4DB5-9452-37FFCBB8F047}"
EndProject
Project("{FAE04EC0-301F-11D3-BF4B-00C04F79EFBC}") = "Achine.Socket", "Achine.Socket\Achine.Socket.csproj", "{3ED63229-DE51-45A9-BAFB-951B49D34300}"
EndProject
Project("{FAE04EC0-301F-11D3-BF4B-00C04F79EFBC}") = "Achine", "Achine\Achine.csproj", "{85154CD6-3283-4B45-8373-B2A520E9575E}"
EndProject
Project("{FAE04EC0-301F-11D3-BF4B-00C04F79EFBC}") = "Achine.Threading", "Achine.Threading\Achine.Threading.csproj", "{CE9A4083-DB3C-40D6-AA41-9E648CB25677}"
EndProject
Project("{FAE04EC0-301F-11D3-BF4B-00C04F79EFBC}") = "Achine.Text", "Achine.Text\Achine.Text.csproj", "{5AC15AF1-C86E-4114-8358-D97D62D9D5BF}"
EndProject
Project("{FAE04EC0-301F-11D3-BF4B-00C04F79EFBC}") = "Demo", "Demo\Demo.csproj", "{EC65FFB3-5FD1-492E-A55F-E04546567766}"
EndProject
Project("{FAE04EC0-301F-11D3-BF4B-00C04F79EFBC}") = "Kkp", "Kkp\Kkp.csproj", "{6EC92EFF-6071-45AE-AAC1-A8FD421936A3}"
EndProject
Project("{2150E333-8FDC-42A3-9474-1A3956D46DE8}") = "UNL", "UNL", "{F9249DB8-30F2-4670-97CE-4B60144A8339}"
EndProject
Project("{F088123C-0E9E-452A-89E6-6BA2F21D5CAC}") = "ModelingOfKkp", "Demo\UML\ModelingOfKkp\ModelingOfKkp.modelproj", "{48546D94-90F7-4D8B-A538-61F6A9399A2D}"
EndProject
Global
	GlobalSection(SolutionConfigurationPlatforms) = preSolution
		Debug|Any CPU = Debug|Any CPU
		Release|Any CPU = Release|Any CPU
	EndGlobalSection
	GlobalSection(ProjectConfigurationPlatforms) = postSolution
		{9A9077AE-186C-4F2E-9D57-C357EC069849}.Debug|Any CPU.ActiveCfg = Debug|Any CPU
		{9A9077AE-186C-4F2E-9D57-C357EC069849}.Debug|Any CPU.Build.0 = Debug|Any CPU
		{9A9077AE-186C-4F2E-9D57-C357EC069849}.Release|Any CPU.ActiveCfg = Release|Any CPU
		{9A9077AE-186C-4F2E-9D57-C357EC069849}.Release|Any CPU.Build.0 = Release|Any CPU
		{BBD041D8-C09E-4D84-B230-90A6F6AD2CA2}.Debug|Any CPU.ActiveCfg = Debug|Any CPU
		{BBD041D8-C09E-4D84-B230-90A6F6AD2CA2}.Debug|Any CPU.Build.0 = Debug|Any CPU
		{BBD041D8-C09E-4D84-B230-90A6F6AD2CA2}.Release|Any CPU.ActiveCfg = Release|Any CPU
		{BBD041D8-C09E-4D84-B230-90A6F6AD2CA2}.Release|Any CPU.Build.0 = Release|Any CPU
		{F1E2DCCD-AE39-4308-8CEA-279F11505DFE}.Debug|Any CPU.ActiveCfg = Debug|Any CPU
		{F1E2DCCD-AE39-4308-8CEA-279F11505DFE}.Debug|Any CPU.Build.0 = Debug|Any CPU
		{F1E2DCCD-AE39-4308-8CEA-279F11505DFE}.Release|Any CPU.ActiveCfg = Release|Any CPU
		{F1E2DCCD-AE39-4308-8CEA-279F11505DFE}.Release|Any CPU.Build.0 = Release|Any CPU
		{1146F867-A9A1-4FF1-8BEE-75FD751AC2D7}.Debug|Any CPU.ActiveCfg = Debug|Any CPU
		{1146F867-A9A1-4FF1-8BEE-75FD751AC2D7}.Debug|Any CPU.Build.0 = Debug|Any CPU
		{1146F867-A9A1-4FF1-8BEE-75FD751AC2D7}.Release|Any CPU.ActiveCfg = Release|Any CPU
		{1146F867-A9A1-4FF1-8BEE-75FD751AC2D7}.Release|Any CPU.Build.0 = Release|Any CPU
		{D7098F63-A9AD-486D-8EE8-04D69BE315B3}.Debug|Any CPU.ActiveCfg = Debug|Any CPU
		{D7098F63-A9AD-486D-8EE8-04D69BE315B3}.Debug|Any CPU.Build.0 = Debug|Any CPU
		{D7098F63-A9AD-486D-8EE8-04D69BE315B3}.Release|Any CPU.ActiveCfg = Release|Any CPU
		{D7098F63-A9AD-486D-8EE8-04D69BE315B3}.Release|Any CPU.Build.0 = Release|Any CPU
		{1EBDB94B-E308-49C4-B418-66597536B64A}.Debug|Any CPU.ActiveCfg = Debug|Any CPU
		{1EBDB94B-E308-49C4-B418-66597536B64A}.Debug|Any CPU.Build.0 = Debug|Any CPU
		{1EBDB94B-E308-49C4-B418-66597536B64A}.Release|Any CPU.ActiveCfg = Release|Any CPU
		{1EBDB94B-E308-49C4-B418-66597536B64A}.Release|Any CPU.Build.0 = Release|Any CPU
		{F55D5CA0-ED72-4DB5-9452-37FFCBB8F047}.Debug|Any CPU.ActiveCfg = Debug|Any CPU
		{F55D5CA0-ED72-4DB5-9452-37FFCBB8F047}.Debug|Any CPU.Build.0 = Debug|Any CPU
		{F55D5CA0-ED72-4DB5-9452-37FFCBB8F047}.Release|Any CPU.ActiveCfg = Release|Any CPU
		{F55D5CA0-ED72-4DB5-9452-37FFCBB8F047}.Release|Any CPU.Build.0 = Release|Any CPU
		{3ED63229-DE51-45A9-BAFB-951B49D34300}.Debug|Any CPU.ActiveCfg = Debug|Any CPU
		{3ED63229-DE51-45A9-BAFB-951B49D34300}.Debug|Any CPU.Build.0 = Debug|Any CPU
		{3ED63229-DE51-45A9-BAFB-951B49D34300}.Release|Any CPU.ActiveCfg = Release|Any CPU
		{3ED63229-DE51-45A9-BAFB-951B49D34300}.Release|Any CPU.Build.0 = Release|Any CPU
		{85154CD6-3283-4B45-8373-B2A520E9575E}.Debug|Any CPU.ActiveCfg = Debug|Any CPU
		{85154CD6-3283-4B45-8373-B2A520E9575E}.Debug|Any CPU.Build.0 = Debug|Any CPU
		{85154CD6-3283-4B45-8373-B2A520E9575E}.Release|Any CPU.ActiveCfg = Release|Any CPU
		{85154CD6-3283-4B45-8373-B2A520E9575E}.Release|Any CPU.Build.0 = Release|Any CPU
		{CE9A4083-DB3C-40D6-AA41-9E648CB25677}.Debug|Any CPU.ActiveCfg = Debug|Any CPU
		{CE9A4083-DB3C-40D6-AA41-9E648CB25677}.Debug|Any CPU.Build.0 = Debug|Any CPU
		{CE9A4083-DB3C-40D6-AA41-9E648CB25677}.Release|Any CPU.ActiveCfg = Release|Any CPU
		{CE9A4083-DB3C-40D6-AA41-9E648CB25677}.Release|Any CPU.Build.0 = Release|Any CPU
		{5AC15AF1-C86E-4114-8358-D97D62D9D5BF}.Debug|Any CPU.ActiveCfg = Debug|Any CPU
		{5AC15AF1-C86E-4114-8358-D97D62D9D5BF}.Debug|Any CPU.Build.0 = Debug|Any CPU
		{5AC15AF1-C86E-4114-8358-D97D62D9D5BF}.Release|Any CPU.ActiveCfg = Release|Any CPU
		{5AC15AF1-C86E-4114-8358-D97D62D9D5BF}.Release|Any CPU.Build.0 = Release|Any CPU
		{EC65FFB3-5FD1-492E-A55F-E04546567766}.Debug|Any CPU.ActiveCfg = Debug|Any CPU
		{EC65FFB3-5FD1-492E-A55F-E04546567766}.Debug|Any CPU.Build.0 = Debug|Any CPU
		{EC65FFB3-5FD1-492E-A55F-E04546567766}.Release|Any CPU.ActiveCfg = Release|Any CPU
		{EC65FFB3-5FD1-492E-A55F-E04546567766}.Release|Any CPU.Build.0 = Release|Any CPU
		{6EC92EFF-6071-45AE-AAC1-A8FD421936A3}.Debug|Any CPU.ActiveCfg = Debug|Any CPU
		{6EC92EFF-6071-45AE-AAC1-A8FD421936A3}.Debug|Any CPU.Build.0 = Debug|Any CPU
		{6EC92EFF-6071-45AE-AAC1-A8FD421936A3}.Release|Any CPU.ActiveCfg = Release|Any CPU
		{6EC92EFF-6071-45AE-AAC1-A8FD421936A3}.Release|Any CPU.Build.0 = Release|Any CPU
		{48546D94-90F7-4D8B-A538-61F6A9399A2D}.Debug|Any CPU.ActiveCfg = Debug|Any CPU
		{48546D94-90F7-4D8B-A538-61F6A9399A2D}.Debug|Any CPU.Build.0 = Debug|Any CPU
		{48546D94-90F7-4D8B-A538-61F6A9399A2D}.Release|Any CPU.ActiveCfg = Release|Any CPU
		{48546D94-90F7-4D8B-A538-61F6A9399A2D}.Release|Any CPU.Build.0 = Release|Any CPU
	EndGlobalSection
	GlobalSection(SolutionProperties) = preSolution
		HideSolutionNode = FALSE
	EndGlobalSection
	GlobalSection(NestedProjects) = preSolution
		{9A9077AE-186C-4F2E-9D57-C357EC069849} = {882937D9-9910-4037-8124-30F93789A4C4}
		{BBD041D8-C09E-4D84-B230-90A6F6AD2CA2} = {882937D9-9910-4037-8124-30F93789A4C4}
		{F1E2DCCD-AE39-4308-8CEA-279F11505DFE} = {882937D9-9910-4037-8124-30F93789A4C4}
		{1EBDB94B-E308-49C4-B418-66597536B64A} = {54441E7B-395D-46F5-A440-8609A62B456B}
		{F55D5CA0-ED72-4DB5-9452-37FFCBB8F047} = {84CCCEC4-8A36-4D6F-8771-FD8510EA79DD}
		{3ED63229-DE51-45A9-BAFB-951B49D34300} = {882937D9-9910-4037-8124-30F93789A4C4}
		{85154CD6-3283-4B45-8373-B2A520E9575E} = {882937D9-9910-4037-8124-30F93789A4C4}
		{CE9A4083-DB3C-40D6-AA41-9E648CB25677} = {882937D9-9910-4037-8124-30F93789A4C4}
		{5AC15AF1-C86E-4114-8358-D97D62D9D5BF} = {882937D9-9910-4037-8124-30F93789A4C4}
		{EC65FFB3-5FD1-492E-A55F-E04546567766} = {54441E7B-395D-46F5-A440-8609A62B456B}
		{6EC92EFF-6071-45AE-AAC1-A8FD421936A3} = {54441E7B-395D-46F5-A440-8609A62B456B}
		{48546D94-90F7-4D8B-A538-61F6A9399A2D} = {F9249DB8-30F2-4670-97CE-4B60144A8339}
	EndGlobalSection
EndGlobal
